// !$*UTF8*$!
{
	archiveVersion = 1;
	classes = {
	};
	objectVersion = 50;
	objects = {

/* Begin PBXBuildFile section */
		4B0914D1248E888C00378B59 /* LeaderBoardVC.swift in Sources */ = {isa = PBXBuildFile; fileRef = 4B0914D0248E888C00378B59 /* LeaderBoardVC.swift */; };
		4B24B7D124926E1900C619DB /* PopUpWindow.swift in Sources */ = {isa = PBXBuildFile; fileRef = 4B24B7D024926E1900C619DB /* PopUpWindow.swift */; };
		4B3EF5CE249633E000D95D61 /* PlaySound.swift in Sources */ = {isa = PBXBuildFile; fileRef = 4B3EF5CD249633E000D95D61 /* PlaySound.swift */; };
		4B3EF5D82496367600D95D61 /* stage_1.mp3 in Resources */ = {isa = PBXBuildFile; fileRef = 4B3EF5D22496367600D95D61 /* stage_1.mp3 */; };
		4B3EF5D92496367600D95D61 /* stage_2.mp3 in Resources */ = {isa = PBXBuildFile; fileRef = 4B3EF5D32496367600D95D61 /* stage_2.mp3 */; };
		4B3EF5DA2496367600D95D61 /* stage_4.mp3 in Resources */ = {isa = PBXBuildFile; fileRef = 4B3EF5D42496367600D95D61 /* stage_4.mp3 */; };
		4B3EF5DB2496367600D95D61 /* Home Screen Backsound.mp3 in Resources */ = {isa = PBXBuildFile; fileRef = 4B3EF5D52496367600D95D61 /* Home Screen Backsound.mp3 */; };
		4B3EF5DC2496367600D95D61 /* stage_5.mp3 in Resources */ = {isa = PBXBuildFile; fileRef = 4B3EF5D62496367600D95D61 /* stage_5.mp3 */; };
		4B3EF5DD2496367600D95D61 /* stage_3.mp3 in Resources */ = {isa = PBXBuildFile; fileRef = 4B3EF5D72496367600D95D61 /* stage_3.mp3 */; };
		4B4AD18C2494A4760060DB70 /* onBoardingVC.swift in Sources */ = {isa = PBXBuildFile; fileRef = 4B4AD18B2494A4760060DB70 /* onBoardingVC.swift */; };
		4B4AD18E2494A5780060DB70 /* EndGameVC.swift in Sources */ = {isa = PBXBuildFile; fileRef = 4B4AD18D2494A5780060DB70 /* EndGameVC.swift */; };
		4BA33F9A249733E900472377 /* CoinsDropped.mp3 in Resources */ = {isa = PBXBuildFile; fileRef = 4BA33F99249733E900472377 /* CoinsDropped.mp3 */; };
		4BC570B2248D456000B8E873 /* AppDelegate.swift in Sources */ = {isa = PBXBuildFile; fileRef = 4BC570B1248D456000B8E873 /* AppDelegate.swift */; };
		4BC570B4248D456000B8E873 /* SceneDelegate.swift in Sources */ = {isa = PBXBuildFile; fileRef = 4BC570B3248D456000B8E873 /* SceneDelegate.swift */; };
		4BC570B6248D456000B8E873 /* ViewController.swift in Sources */ = {isa = PBXBuildFile; fileRef = 4BC570B5248D456000B8E873 /* ViewController.swift */; };
		4BC570B9248D456000B8E873 /* Main.storyboard in Resources */ = {isa = PBXBuildFile; fileRef = 4BC570B7248D456000B8E873 /* Main.storyboard */; };
		4BC570BB248D456100B8E873 /* Assets.xcassets in Resources */ = {isa = PBXBuildFile; fileRef = 4BC570BA248D456100B8E873 /* Assets.xcassets */; };
		4BC570BE248D456100B8E873 /* LaunchScreen.storyboard in Resources */ = {isa = PBXBuildFile; fileRef = 4BC570BC248D456100B8E873 /* LaunchScreen.storyboard */; };
		4BC570C6248D469A00B8E873 /* LandingVCViewController.swift in Sources */ = {isa = PBXBuildFile; fileRef = 4BC570C5248D469A00B8E873 /* LandingVCViewController.swift */; };
		4BC570CA248D4D5400B8E873 /* Questions.swift in Sources */ = {isa = PBXBuildFile; fileRef = 4BC570C9248D4D5400B8E873 /* Questions.swift */; };
		E643ACC224968D340090987D /* Onboarding.storyboard in Resources */ = {isa = PBXBuildFile; fileRef = E643ACC124968D340090987D /* Onboarding.storyboard */; };
		E643ACC4249696540090987D /* HowToPlay.storyboard in Resources */ = {isa = PBXBuildFile; fileRef = E643ACC3249696540090987D /* HowToPlay.storyboard */; };
		E643ACC6249696950090987D /* HowToPlayVC.swift in Sources */ = {isa = PBXBuildFile; fileRef = E643ACC5249696950090987D /* HowToPlayVC.swift */; };
/* End PBXBuildFile section */

/* Begin PBXFileReference section */
		4B0914D0248E888C00378B59 /* LeaderBoardVC.swift */ = {isa = PBXFileReference; lastKnownFileType = sourcecode.swift; path = LeaderBoardVC.swift; sourceTree = "<group>"; };
		4B24B7D024926E1900C619DB /* PopUpWindow.swift */ = {isa = PBXFileReference; fileEncoding = 4; lastKnownFileType = sourcecode.swift; path = PopUpWindow.swift; sourceTree = "<group>"; };
		4B3EF5CD249633E000D95D61 /* PlaySound.swift */ = {isa = PBXFileReference; lastKnownFileType = sourcecode.swift; path = PlaySound.swift; sourceTree = "<group>"; };
		4B3EF5D22496367600D95D61 /* stage_1.mp3 */ = {isa = PBXFileReference; lastKnownFileType = audio.mp3; path = stage_1.mp3; sourceTree = "<group>"; };
		4B3EF5D32496367600D95D61 /* stage_2.mp3 */ = {isa = PBXFileReference; lastKnownFileType = audio.mp3; path = stage_2.mp3; sourceTree = "<group>"; };
		4B3EF5D42496367600D95D61 /* stage_4.mp3 */ = {isa = PBXFileReference; lastKnownFileType = audio.mp3; path = stage_4.mp3; sourceTree = "<group>"; };
		4B3EF5D52496367600D95D61 /* Home Screen Backsound.mp3 */ = {isa = PBXFileReference; lastKnownFileType = audio.mp3; path = "Home Screen Backsound.mp3"; sourceTree = "<group>"; };
		4B3EF5D62496367600D95D61 /* stage_5.mp3 */ = {isa = PBXFileReference; lastKnownFileType = audio.mp3; path = stage_5.mp3; sourceTree = "<group>"; };
		4B3EF5D72496367600D95D61 /* stage_3.mp3 */ = {isa = PBXFileReference; lastKnownFileType = audio.mp3; path = stage_3.mp3; sourceTree = "<group>"; };
		4B4AD18B2494A4760060DB70 /* onBoardingVC.swift */ = {isa = PBXFileReference; lastKnownFileType = sourcecode.swift; path = onBoardingVC.swift; sourceTree = "<group>"; };
		4B4AD18D2494A5780060DB70 /* EndGameVC.swift */ = {isa = PBXFileReference; lastKnownFileType = sourcecode.swift; path = EndGameVC.swift; sourceTree = "<group>"; };
		4BA33F99249733E900472377 /* CoinsDropped.mp3 */ = {isa = PBXFileReference; lastKnownFileType = audio.mp3; path = CoinsDropped.mp3; sourceTree = "<group>"; };
		4BC570AE248D456000B8E873 /* NC3-QuizApp.app */ = {isa = PBXFileReference; explicitFileType = wrapper.application; includeInIndex = 0; path = "NC3-QuizApp.app"; sourceTree = BUILT_PRODUCTS_DIR; };
		4BC570B1248D456000B8E873 /* AppDelegate.swift */ = {isa = PBXFileReference; lastKnownFileType = sourcecode.swift; path = AppDelegate.swift; sourceTree = "<group>"; };
		4BC570B3248D456000B8E873 /* SceneDelegate.swift */ = {isa = PBXFileReference; lastKnownFileType = sourcecode.swift; path = SceneDelegate.swift; sourceTree = "<group>"; };
		4BC570B5248D456000B8E873 /* ViewController.swift */ = {isa = PBXFileReference; lastKnownFileType = sourcecode.swift; path = ViewController.swift; sourceTree = "<group>"; };
		4BC570B8248D456000B8E873 /* Base */ = {isa = PBXFileReference; lastKnownFileType = file.storyboard; name = Base; path = Base.lproj/Main.storyboard; sourceTree = "<group>"; };
		4BC570BA248D456100B8E873 /* Assets.xcassets */ = {isa = PBXFileReference; lastKnownFileType = folder.assetcatalog; path = Assets.xcassets; sourceTree = "<group>"; };
		4BC570BD248D456100B8E873 /* Base */ = {isa = PBXFileReference; lastKnownFileType = file.storyboard; name = Base; path = Base.lproj/LaunchScreen.storyboard; sourceTree = "<group>"; };
		4BC570BF248D456100B8E873 /* Info.plist */ = {isa = PBXFileReference; lastKnownFileType = text.plist.xml; path = Info.plist; sourceTree = "<group>"; };
		4BC570C5248D469A00B8E873 /* LandingVCViewController.swift */ = {isa = PBXFileReference; lastKnownFileType = sourcecode.swift; path = LandingVCViewController.swift; sourceTree = "<group>"; };
		4BC570C9248D4D5400B8E873 /* Questions.swift */ = {isa = PBXFileReference; lastKnownFileType = sourcecode.swift; path = Questions.swift; sourceTree = "<group>"; };
		E643ACC124968D340090987D /* Onboarding.storyboard */ = {isa = PBXFileReference; lastKnownFileType = file.storyboard; path = Onboarding.storyboard; sourceTree = "<group>"; };
		E643ACC3249696540090987D /* HowToPlay.storyboard */ = {isa = PBXFileReference; lastKnownFileType = file.storyboard; path = HowToPlay.storyboard; sourceTree = "<group>"; };
		E643ACC5249696950090987D /* HowToPlayVC.swift */ = {isa = PBXFileReference; lastKnownFileType = sourcecode.swift; path = HowToPlayVC.swift; sourceTree = "<group>"; };
/* End PBXFileReference section */

/* Begin PBXFrameworksBuildPhase section */
		4BC570AB248D456000B8E873 /* Frameworks */ = {
			isa = PBXFrameworksBuildPhase;
			buildActionMask = 2147483647;
			files = (
			);
			runOnlyForDeploymentPostprocessing = 0;
		};
/* End PBXFrameworksBuildPhase section */

/* Begin PBXGroup section */
		4B3EF5D12496366600D95D61 /* Songs */ = {
			isa = PBXGroup;
			children = (
				4BA33F99249733E900472377 /* CoinsDropped.mp3 */,
				4B3EF5CD249633E000D95D61 /* PlaySound.swift */,
				4B3EF5D52496367600D95D61 /* Home Screen Backsound.mp3 */,
				4B3EF5D22496367600D95D61 /* stage_1.mp3 */,
				4B3EF5D32496367600D95D61 /* stage_2.mp3 */,
				4B3EF5D72496367600D95D61 /* stage_3.mp3 */,
				4B3EF5D42496367600D95D61 /* stage_4.mp3 */,
				4B3EF5D62496367600D95D61 /* stage_5.mp3 */,
			);
			path = Songs;
			sourceTree = "<group>";
		};
		4BC570A5248D456000B8E873 = {
			isa = PBXGroup;
			children = (
				4BC570B0248D456000B8E873 /* NC3-QuizApp */,
				4BC570AF248D456000B8E873 /* Products */,
			);
			sourceTree = "<group>";
		};
		4BC570AF248D456000B8E873 /* Products */ = {
			isa = PBXGroup;
			children = (
				4BC570AE248D456000B8E873 /* NC3-QuizApp.app */,
			);
			name = Products;
			sourceTree = "<group>";
		};
		4BC570B0248D456000B8E873 /* NC3-QuizApp */ = {
			isa = PBXGroup;
			children = (
				4B3EF5D12496366600D95D61 /* Songs */,
				4B4AD18B2494A4760060DB70 /* onBoardingVC.swift */,
				4BC570B1248D456000B8E873 /* AppDelegate.swift */,
				4BC570B3248D456000B8E873 /* SceneDelegate.swift */,
				4BC570B5248D456000B8E873 /* ViewController.swift */,
				4BC570B7248D456000B8E873 /* Main.storyboard */,
				E643ACC124968D340090987D /* Onboarding.storyboard */,
				E643ACC3249696540090987D /* HowToPlay.storyboard */,
				E643ACC5249696950090987D /* HowToPlayVC.swift */,
				4B0914D0248E888C00378B59 /* LeaderBoardVC.swift */,
				4BC570C9248D4D5400B8E873 /* Questions.swift */,
				4BC570C5248D469A00B8E873 /* LandingVCViewController.swift */,
				4BC570BA248D456100B8E873 /* Assets.xcassets */,
				4BC570BC248D456100B8E873 /* LaunchScreen.storyboard */,
				4B24B7D024926E1900C619DB /* PopUpWindow.swift */,
				4BC570BF248D456100B8E873 /* Info.plist */,
				4B4AD18D2494A5780060DB70 /* EndGameVC.swift */,
			);
			path = "NC3-QuizApp";
			sourceTree = "<group>";
		};
/* End PBXGroup section */

/* Begin PBXNativeTarget section */
		4BC570AD248D456000B8E873 /* NC3-QuizApp */ = {
			isa = PBXNativeTarget;
			buildConfigurationList = 4BC570C2248D456100B8E873 /* Build configuration list for PBXNativeTarget "NC3-QuizApp" */;
			buildPhases = (
				4BC570AA248D456000B8E873 /* Sources */,
				4BC570AB248D456000B8E873 /* Frameworks */,
				4BC570AC248D456000B8E873 /* Resources */,
			);
			buildRules = (
			);
			dependencies = (
			);
			name = "NC3-QuizApp";
			productName = "NC3-QuizApp";
			productReference = 4BC570AE248D456000B8E873 /* NC3-QuizApp.app */;
			productType = "com.apple.product-type.application";
		};
/* End PBXNativeTarget section */

/* Begin PBXProject section */
		4BC570A6248D456000B8E873 /* Project object */ = {
			isa = PBXProject;
			attributes = {
				LastSwiftUpdateCheck = 1140;
				LastUpgradeCheck = 1140;
				ORGANIZATIONNAME = "Reyhan Rifqi";
				TargetAttributes = {
					4BC570AD248D456000B8E873 = {
						CreatedOnToolsVersion = 11.4.1;
					};
				};
			};
			buildConfigurationList = 4BC570A9248D456000B8E873 /* Build configuration list for PBXProject "NC3-QuizApp" */;
			compatibilityVersion = "Xcode 9.3";
			developmentRegion = en;
			hasScannedForEncodings = 0;
			knownRegions = (
				en,
				Base,
			);
			mainGroup = 4BC570A5248D456000B8E873;
			productRefGroup = 4BC570AF248D456000B8E873 /* Products */;
			projectDirPath = "";
			projectRoot = "";
			targets = (
				4BC570AD248D456000B8E873 /* NC3-QuizApp */,
			);
		};
/* End PBXProject section */

/* Begin PBXResourcesBuildPhase section */
		4BC570AC248D456000B8E873 /* Resources */ = {
			isa = PBXResourcesBuildPhase;
			buildActionMask = 2147483647;
			files = (
				4B3EF5DA2496367600D95D61 /* stage_4.mp3 in Resources */,
				E643ACC224968D340090987D /* Onboarding.storyboard in Resources */,
				4B3EF5DC2496367600D95D61 /* stage_5.mp3 in Resources */,
				4B3EF5DB2496367600D95D61 /* Home Screen Backsound.mp3 in Resources */,
				4B3EF5D92496367600D95D61 /* stage_2.mp3 in Resources */,
				E643ACC4249696540090987D /* HowToPlay.storyboard in Resources */,
				4B3EF5D82496367600D95D61 /* stage_1.mp3 in Resources */,
				4B3EF5DD2496367600D95D61 /* stage_3.mp3 in Resources */,
				4BA33F9A249733E900472377 /* CoinsDropped.mp3 in Resources */,
				4BC570BE248D456100B8E873 /* LaunchScreen.storyboard in Resources */,
				4BC570BB248D456100B8E873 /* Assets.xcassets in Resources */,
				4BC570B9248D456000B8E873 /* Main.storyboard in Resources */,
			);
			runOnlyForDeploymentPostprocessing = 0;
		};
/* End PBXResourcesBuildPhase section */

/* Begin PBXSourcesBuildPhase section */
		4BC570AA248D456000B8E873 /* Sources */ = {
			isa = PBXSourcesBuildPhase;
			buildActionMask = 2147483647;
			files = (
				4B24B7D124926E1900C619DB /* PopUpWindow.swift in Sources */,
				4B4AD18E2494A5780060DB70 /* EndGameVC.swift in Sources */,
				4B4AD18C2494A4760060DB70 /* onBoardingVC.swift in Sources */,
				E643ACC6249696950090987D /* HowToPlayVC.swift in Sources */,
				4B0914D1248E888C00378B59 /* LeaderBoardVC.swift in Sources */,
				4BC570B6248D456000B8E873 /* ViewController.swift in Sources */,
				4B3EF5CE249633E000D95D61 /* PlaySound.swift in Sources */,
				4BC570C6248D469A00B8E873 /* LandingVCViewController.swift in Sources */,
				4BC570CA248D4D5400B8E873 /* Questions.swift in Sources */,
				4BC570B2248D456000B8E873 /* AppDelegate.swift in Sources */,
				4BC570B4248D456000B8E873 /* SceneDelegate.swift in Sources */,
			);
			runOnlyForDeploymentPostprocessing = 0;
		};
/* End PBXSourcesBuildPhase section */

/* Begin PBXVariantGroup section */
		4BC570B7248D456000B8E873 /* Main.storyboard */ = {
			isa = PBXVariantGroup;
			children = (
				4BC570B8248D456000B8E873 /* Base */,
			);
			name = Main.storyboard;
			sourceTree = "<group>";
		};
		4BC570BC248D456100B8E873 /* LaunchScreen.storyboard */ = {
			isa = PBXVariantGroup;
			children = (
				4BC570BD248D456100B8E873 /* Base */,
			);
			name = LaunchScreen.storyboard;
			sourceTree = "<group>";
		};
/* End PBXVariantGroup section */

/* Begin XCBuildConfiguration section */
		4BC570C0248D456100B8E873 /* Debug */ = {
			isa = XCBuildConfiguration;
			buildSettings = {
				ALWAYS_SEARCH_USER_PATHS = NO;
				CLANG_ANALYZER_NONNULL = YES;
				CLANG_ANALYZER_NUMBER_OBJECT_CONVERSION = YES_AGGRESSIVE;
				CLANG_CXX_LANGUAGE_STANDARD = "gnu++14";
				CLANG_CXX_LIBRARY = "libc++";
				CLANG_ENABLE_MODULES = YES;
				CLANG_ENABLE_OBJC_ARC = YES;
				CLANG_ENABLE_OBJC_WEAK = YES;
				CLANG_WARN_BLOCK_CAPTURE_AUTORELEASING = YES;
				CLANG_WARN_BOOL_CONVERSION = YES;
				CLANG_WARN_COMMA = YES;
				CLANG_WARN_CONSTANT_CONVERSION = YES;
				CLANG_WARN_DEPRECATED_OBJC_IMPLEMENTATIONS = YES;
				CLANG_WARN_DIRECT_OBJC_ISA_USAGE = YES_ERROR;
				CLANG_WARN_DOCUMENTATION_COMMENTS = YES;
				CLANG_WARN_EMPTY_BODY = YES;
				CLANG_WARN_ENUM_CONVERSION = YES;
				CLANG_WARN_INFINITE_RECURSION = YES;
				CLANG_WARN_INT_CONVERSION = YES;
				CLANG_WARN_NON_LITERAL_NULL_CONVERSION = YES;
				CLANG_WARN_OBJC_IMPLICIT_RETAIN_SELF = YES;
				CLANG_WARN_OBJC_LITERAL_CONVERSION = YES;
				CLANG_WARN_OBJC_ROOT_CLASS = YES_ERROR;
				CLANG_WARN_RANGE_LOOP_ANALYSIS = YES;
				CLANG_WARN_STRICT_PROTOTYPES = YES;
				CLANG_WARN_SUSPICIOUS_MOVE = YES;
				CLANG_WARN_UNGUARDED_AVAILABILITY = YES_AGGRESSIVE;
				CLANG_WARN_UNREACHABLE_CODE = YES;
				CLANG_WARN__DUPLICATE_METHOD_MATCH = YES;
				COPY_PHASE_STRIP = NO;
				DEBUG_INFORMATION_FORMAT = dwarf;
				ENABLE_STRICT_OBJC_MSGSEND = YES;
				ENABLE_TESTABILITY = YES;
				GCC_C_LANGUAGE_STANDARD = gnu11;
				GCC_DYNAMIC_NO_PIC = NO;
				GCC_NO_COMMON_BLOCKS = YES;
				GCC_OPTIMIZATION_LEVEL = 0;
				GCC_PREPROCESSOR_DEFINITIONS = (
					"DEBUG=1",
					"$(inherited)",
				);
				GCC_WARN_64_TO_32_BIT_CONVERSION = YES;
				GCC_WARN_ABOUT_RETURN_TYPE = YES_ERROR;
				GCC_WARN_UNDECLARED_SELECTOR = YES;
				GCC_WARN_UNINITIALIZED_AUTOS = YES_AGGRESSIVE;
				GCC_WARN_UNUSED_FUNCTION = YES;
				GCC_WARN_UNUSED_VARIABLE = YES;
				IPHONEOS_DEPLOYMENT_TARGET = 13.4;
				MTL_ENABLE_DEBUG_INFO = INCLUDE_SOURCE;
				MTL_FAST_MATH = YES;
				ONLY_ACTIVE_ARCH = YES;
				SDKROOT = iphoneos;
				SWIFT_ACTIVE_COMPILATION_CONDITIONS = DEBUG;
				SWIFT_OPTIMIZATION_LEVEL = "-Onone";
			};
			name = Debug;
		};
		4BC570C1248D456100B8E873 /* Release */ = {
			isa = XCBuildConfiguration;
			buildSettings = {
				ALWAYS_SEARCH_USER_PATHS = NO;
				CLANG_ANALYZER_NONNULL = YES;
				CLANG_ANALYZER_NUMBER_OBJECT_CONVERSION = YES_AGGRESSIVE;
				CLANG_CXX_LANGUAGE_STANDARD = "gnu++14";
				CLANG_CXX_LIBRARY = "libc++";
				CLANG_ENABLE_MODULES = YES;
				CLANG_ENABLE_OBJC_ARC = YES;
				CLANG_ENABLE_OBJC_WEAK = YES;
				CLANG_WARN_BLOCK_CAPTURE_AUTORELEASING = YES;
				CLANG_WARN_BOOL_CONVERSION = YES;
				CLANG_WARN_COMMA = YES;
				CLANG_WARN_CONSTANT_CONVERSION = YES;
				CLANG_WARN_DEPRECATED_OBJC_IMPLEMENTATIONS = YES;
				CLANG_WARN_DIRECT_OBJC_ISA_USAGE = YES_ERROR;
				CLANG_WARN_DOCUMENTATION_COMMENTS = YES;
				CLANG_WARN_EMPTY_BODY = YES;
				CLANG_WARN_ENUM_CONVERSION = YES;
				CLANG_WARN_INFINITE_RECURSION = YES;
				CLANG_WARN_INT_CONVERSION = YES;
				CLANG_WARN_NON_LITERAL_NULL_CONVERSION = YES;
				CLANG_WARN_OBJC_IMPLICIT_RETAIN_SELF = YES;
				CLANG_WARN_OBJC_LITERAL_CONVERSION = YES;
				CLANG_WARN_OBJC_ROOT_CLASS = YES_ERROR;
				CLANG_WARN_RANGE_LOOP_ANALYSIS = YES;
				CLANG_WARN_STRICT_PROTOTYPES = YES;
				CLANG_WARN_SUSPICIOUS_MOVE = YES;
				CLANG_WARN_UNGUARDED_AVAILABILITY = YES_AGGRESSIVE;
				CLANG_WARN_UNREACHABLE_CODE = YES;
				CLANG_WARN__DUPLICATE_METHOD_MATCH = YES;
				COPY_PHASE_STRIP = NO;
				DEBUG_INFORMATION_FORMAT = "dwarf-with-dsym";
				ENABLE_NS_ASSERTIONS = NO;
				ENABLE_STRICT_OBJC_MSGSEND = YES;
				GCC_C_LANGUAGE_STANDARD = gnu11;
				GCC_NO_COMMON_BLOCKS = YES;
				GCC_WARN_64_TO_32_BIT_CONVERSION = YES;
				GCC_WARN_ABOUT_RETURN_TYPE = YES_ERROR;
				GCC_WARN_UNDECLARED_SELECTOR = YES;
				GCC_WARN_UNINITIALIZED_AUTOS = YES_AGGRESSIVE;
				GCC_WARN_UNUSED_FUNCTION = YES;
				GCC_WARN_UNUSED_VARIABLE = YES;
				IPHONEOS_DEPLOYMENT_TARGET = 13.4;
				MTL_ENABLE_DEBUG_INFO = NO;
				MTL_FAST_MATH = YES;
				SDKROOT = iphoneos;
				SWIFT_COMPILATION_MODE = wholemodule;
				SWIFT_OPTIMIZATION_LEVEL = "-O";
				VALIDATE_PRODUCT = YES;
			};
			name = Release;
		};
		4BC570C3248D456100B8E873 /* Debug */ = {
			isa = XCBuildConfiguration;
			buildSettings = {
				ASSETCATALOG_COMPILER_APPICON_NAME = AppIcon;
				CODE_SIGN_STYLE = Automatic;
				DEVELOPMENT_TEAM = 9G44XW2W74;
				INFOPLIST_FILE = "NC3-QuizApp/Info.plist";
				LD_RUNPATH_SEARCH_PATHS = (
					"$(inherited)",
					"@executable_path/Frameworks",
				);
				PRODUCT_BUNDLE_IDENTIFIER = "rey.han.NC3-QuizApp";
				PRODUCT_NAME = "$(TARGET_NAME)";
				SWIFT_VERSION = 5.0;
				TARGETED_DEVICE_FAMILY = "1,2";
			};
			name = Debug;
		};
		4BC570C4248D456100B8E873 /* Release */ = {
			isa = XCBuildConfiguration;
			buildSettings = {
				ASSETCATALOG_COMPILER_APPICON_NAME = AppIcon;
				CODE_SIGN_STYLE = Automatic;
				DEVELOPMENT_TEAM = 9G44XW2W74;
				INFOPLIST_FILE = "NC3-QuizApp/Info.plist";
				LD_RUNPATH_SEARCH_PATHS = (
					"$(inherited)",
					"@executable_path/Frameworks",
				);
				PRODUCT_BUNDLE_IDENTIFIER = "rey.han.NC3-QuizApp";
				PRODUCT_NAME = "$(TARGET_NAME)";
				SWIFT_VERSION = 5.0;
				TARGETED_DEVICE_FAMILY = "1,2";
			};
			name = Release;
		};
/* End XCBuildConfiguration section */

/* Begin XCConfigurationList section */
		4BC570A9248D456000B8E873 /* Build configuration list for PBXProject "NC3-QuizApp" */ = {
			isa = XCConfigurationList;
			buildConfigurations = (
				4BC570C0248D456100B8E873 /* Debug */,
				4BC570C1248D456100B8E873 /* Release */,
			);
			defaultConfigurationIsVisible = 0;
			defaultConfigurationName = Release;
		};
		4BC570C2248D456100B8E873 /* Build configuration list for PBXNativeTarget "NC3-QuizApp" */ = {
			isa = XCConfigurationList;
			buildConfigurations = (
				4BC570C3248D456100B8E873 /* Debug */,
				4BC570C4248D456100B8E873 /* Release */,
			);
			defaultConfigurationIsVisible = 0;
			defaultConfigurationName = Release;
		};
/* End XCConfigurationList section */
	};
	rootObject = 4BC570A6248D456000B8E873 /* Project object */;
}
